{
  "version": 4,
  "terraform_version": "1.3.3",
  "serial": 360,
  "lineage": "436741e1-1a2a-ed0a-fbb1-034d825a7291",
  "outputs": {},
  "resources": [
    {
      "mode": "managed",
      "type": "local_file",
      "name": "k8s-prod",
      "provider": "provider[\"registry.terraform.io/hashicorp/local\"]",
      "instances": [
        {
          "schema_version": 0,
          "attributes": {
            "content": "--- \n# ## Configure 'ip' variable to bind kubernetes services on a\n# ## different ip than the default iface\n# ## We should set etcd_member_name for etcd cluster. The node that is not a etcd member do not need to set the value, or can set the empty string value.\n[all]\ncp1 ansible_host=10.200.110.11 etcd_member_name=etcd1 ansible_user=centos\nnode1 ansible_host=10.200.110.12 ansible_user=centos\nnode2 ansible_host=10.200.110.13 ansible_user=centos\n\n# ## configure a bastion host if your nodes are not directly reachable\n# [bastion]\n# bastion ansible_host=x.x.x.x ansible_user=some_user\n\n[kube_control_plane]\ncp1\n\n[etcd]\ncp1\n\n[kube_node]\nnode1\nnode2\n\n\n[calico_rr]\n\n[k8s_cluster:children]\nkube_control_plane\nkube_node\ncalico_rr\n",
            "content_base64": null,
            "content_base64sha256": "WS481z/QTQbI2w7nmm0571vhucAgNrN5CX+tystj2zM=",
            "content_base64sha512": "iv7iLx0k9LvZkgvLTsIT/f7LOWDG03Pc/UAittgQHoR/iAX1pzMdc26O3tiaIH/vgL9bu6GTA40a/h6GxZNf6w==",
            "content_md5": "e539a5dc9743de3a0e1fc6095870fd7f",
            "content_sha1": "8126590ad2a128b059d6694923fef62d0a1b6ea8",
            "content_sha256": "592e3cd73fd04d06c8db0ee79a6d39ef5be1b9c02036b379097fadcacb63db33",
            "content_sha512": "8afee22f1d24f4bbd9920bcb4ec213fdfecb3960c6d373dcfd4022b6d8101e847f8805f5a7331d736e8eded89a207fef80bf5bbba193038d1afe1e86c5935feb",
            "directory_permission": "0777",
            "file_permission": "0777",
            "filename": "../inventory/k8s-prod.ini",
            "id": "8126590ad2a128b059d6694923fef62d0a1b6ea8",
            "sensitive_content": null,
            "source": null
          },
          "sensitive_attributes": [],
          "dependencies": [
            "yandex_compute_instance.prod-node1",
            "yandex_compute_instance.prod-node2",
            "yandex_compute_instance.prod-node3",
            "yandex_vpc_network.project",
            "yandex_vpc_subnet.prod"
          ]
        }
      ]
    },
    {
      "mode": "managed",
      "type": "local_file",
      "name": "k8s-stage",
      "provider": "provider[\"registry.terraform.io/hashicorp/local\"]",
      "instances": [
        {
          "schema_version": 0,
          "attributes": {
            "content": "--- \n# ## Configure 'ip' variable to bind kubernetes services on a\n# ## different ip than the default iface\n# ## We should set etcd_member_name for etcd cluster. The node that is not a etcd member do not need to set the value, or can set the empty string value.\n[all]\ncp1 ansible_host=10.200.100.11 etcd_member_name=etcd1 ansible_user=centos\nnode1 ansible_host=10.200.100.12 ansible_user=centos\nnode2 ansible_host=10.200.100.13 ansible_user=centos\n\n# ## configure a bastion host if your nodes are not directly reachable\n# [bastion]\n# bastion ansible_host=x.x.x.x ansible_user=some_user\n\n[kube_control_plane]\ncp1\n\n[etcd]\ncp1\n\n[kube_node]\nnode1\nnode2\n\n[calico_rr]\n\n[k8s_cluster:children]\nkube_control_plane\nkube_node\ncalico_rr\n",
            "content_base64": null,
            "content_base64sha256": "M03foDN6fBFmngToLAuWjM2L6G36LTY6RAGKa4qKd8I=",
            "content_base64sha512": "cac/Qf/NSDHl9g5lPhZ2ADFlLu09qW7plnDCL71sioRUHXdfgDgCCkODpndcB9lT+q7ai1yl4J3NY6uE619G8g==",
            "content_md5": "291768802c0c8144959355cd4219f6e2",
            "content_sha1": "0a758def8b1a3a429fa39509a78069761c6cbbae",
            "content_sha256": "334ddfa0337a7c11669e04e82c0b968ccd8be86dfa2d363a44018a6b8a8a77c2",
            "content_sha512": "71a73f41ffcd4831e5f60e653e16760031652eed3da96ee99670c22fbd6c8a84541d775f8038020a4383a6775c07d953faaeda8b5ca5e09dcd63ab84eb5f46f2",
            "directory_permission": "0777",
            "file_permission": "0777",
            "filename": "../inventory/k8s-stage.ini",
            "id": "0a758def8b1a3a429fa39509a78069761c6cbbae",
            "sensitive_content": null,
            "source": null
          },
          "sensitive_attributes": [],
          "dependencies": [
            "yandex_compute_instance.stage-node1",
            "yandex_compute_instance.stage-node2",
            "yandex_compute_instance.stage-node3",
            "yandex_vpc_network.project",
            "yandex_vpc_subnet.stage"
          ]
        }
      ]
    },
    {
      "mode": "managed",
      "type": "local_file",
      "name": "project",
      "provider": "provider[\"registry.terraform.io/hashicorp/local\"]",
      "instances": [
        {
          "schema_version": 0,
          "attributes": {
            "content": "--- \nall:\n  all:\n  hosts:\n    jenkins-master-01:\n      ansible_host: 158.160.41.28\n    jenkins-agent-stage:\n      ansible_host: 158.160.46.135\n    jenkins-agent-prod:\n      ansible_host: 158.160.49.215\n    grafana-master-01:\n      ansible_host: 158.160.58.198\n    prometheus-master-01:\n      ansible_host: 158.160.58.198\n  children:\n    jenkins:\n      children:\n        jenkins_masters:\n          hosts:\n            jenkins-master-01:\n        jenkins_agent:\n          hosts:\n            jenkins-agent-stage:\n            jenkins-agent-prod:\n    grafana:\n      children:\n        grafana-master:\n          hosts:\n            grafana-master-01:\n    prometheus:\n      children:\n        prometheus-master:\n          hosts:\n            prometheus-master-01:\n  vars:\n    ansible_connection_type: paramiko\n    ansible_user: debian\n",
            "content_base64": null,
            "content_base64sha256": "756hEyfafQP4IXr7hq9xkOBpYGK9lQLu396Hy/hP6BU=",
            "content_base64sha512": "Qi4Cj4dwKTJ4o5y02Vn4ia2QQ0JpABwZvhSuI70kufGjQAtRR++uGwKgCOncZNtQLXpvxb4ggP6raW1uBF810A==",
            "content_md5": "db594fd0adc067a57dc6c46583b76c63",
            "content_sha1": "80c30fe03ba2f063cb981e3c0db41330b28cc2e7",
            "content_sha256": "ef9ea11327da7d03f8217afb86af7190e0696062bd9502eedfde87cbf84fe815",
            "content_sha512": "422e028f8770293278a39cb4d959f889ad90434269001c19be14ae23bd24b9f1a3400b5147efae1b02a008e9dc64db502d7a6fc5be2080feab696d6e045f35d0",
            "directory_permission": "0777",
            "file_permission": "0777",
            "filename": "../inventory/project.yml",
            "id": "80c30fe03ba2f063cb981e3c0db41330b28cc2e7",
            "sensitive_content": null,
            "source": null
          },
          "sensitive_attributes": [],
          "dependencies": [
            "yandex_compute_instance.grafana",
            "yandex_compute_instance.jenkins-master",
            "yandex_compute_instance.prod-agent1",
            "yandex_compute_instance.stage-agent1",
            "yandex_vpc_network.project",
            "yandex_vpc_subnet.group-1"
          ]
        }
      ]
    },
    {
      "mode": "managed",
      "type": "yandex_compute_instance",
      "name": "grafana",
      "provider": "provider[\"registry.terraform.io/yandex-cloud/yandex\"]",
      "instances": [
        {
          "schema_version": 1,
          "attributes": {
            "allow_recreate": null,
            "allow_stopping_for_update": true,
            "boot_disk": [
              {
                "auto_delete": true,
                "device_name": "fhmpfuq25kdmffkuo7jm",
                "disk_id": "fhmpfuq25kdmffkuo7jm",
                "initialize_params": [
                  {
                    "block_size": 4096,
                    "description": "",
                    "image_id": "fd8a67rb91j689dqp60h",
                    "name": "root-grafana",
                    "size": 10,
                    "snapshot_id": "",
                    "type": "network-ssd"
                  }
                ],
                "mode": "READ_WRITE"
              }
            ],
            "created_at": "2023-03-28T10:50:30Z",
            "description": "",
            "filesystem": [],
            "folder_id": "b1gpur6h6nm983ia1ljb",
            "fqdn": "grafana.netology.cloud",
            "gpu_cluster_id": "",
            "hostname": "grafana.netology.cloud",
            "id": "fhma8769nnclioj8dtrg",
            "labels": null,
            "local_disk": [],
            "metadata": {
              "ssh-keys": "debian:ssh-rsa AAAAB3NzaC1yc2EAAAADAQABAAABgQChMcGvOK4FwqaYPxYBeEwEOm4QEOVFY7Eel/gg3V1WKwPuktHif4HEgwDR9ZVKnvI7T6nGWp5/s0yxP39Yv9HrFWMlQtzRWFGBxHyDdc5wFCudBxXnglevpTRiwhi23qIlIEPMngXC74zzwe/JKK1V8T6xYOiJi4VkMWV8Y6VX0n9H2vUFtNDdR5R3Hdk4yd4N9myo55GLcYKs6HtBDNDT/Oaz6qz7KI4QRZlr6ycioa6YZoHjirPYr9bMl1uv/td6XB1tjUc3HTmJ8FOZJ6xFp6uonQKpgQZ19AhVb54GDIO563VYOOADeVCPLkaBCVq1OQ9pI2Wp2wlFC5PwvMQ3TIslGhVrQT4N68WtsVBlyKiYC3JeO8UzSK82tnLl9ioTAcX3lSHAr62JVMjtJXBc446laBP3i7OroRl7uQOJUl3B1bMWRnoRIiyDd8KasDMWZxBeYZ5n8nMLvNYgb7lr7m6QpxiWcm5JT0rbJWdB46ZhHlIHzoWt5zCV/G2RLRE= mojnovse@mojno-vseMacBook.local\n"
            },
            "metadata_options": [
              {
                "aws_v1_http_endpoint": 1,
                "aws_v1_http_token": 2,
                "gce_http_endpoint": 1,
                "gce_http_token": 1
              }
            ],
            "name": "grafana",
            "network_acceleration_type": "standard",
            "network_interface": [
              {
                "dns_record": [],
                "index": 0,
                "ip_address": "10.200.80.7",
                "ipv4": true,
                "ipv6": false,
                "ipv6_address": "",
                "ipv6_dns_record": [],
                "mac_address": "d0:0d:a4:1c:c9:bd",
                "nat": true,
                "nat_dns_record": [],
                "nat_ip_address": "158.160.58.198",
                "nat_ip_version": "IPV4",
                "security_group_ids": [],
                "subnet_id": "e9b2ratrcdpg9nvh5c03"
              }
            ],
            "placement_policy": [
              {
                "host_affinity_rules": [],
                "placement_group_id": ""
              }
            ],
            "platform_id": "standard-v1",
            "resources": [
              {
                "core_fraction": 100,
                "cores": 2,
                "gpus": 0,
                "memory": 4
              }
            ],
            "scheduling_policy": [
              {
                "preemptible": false
              }
            ],
            "secondary_disk": [],
            "service_account_id": "",
            "status": "running",
            "timeouts": null,
            "zone": "ru-central1-a"
          },
          "sensitive_attributes": [],
          "private": "eyJlMmJmYjczMC1lY2FhLTExZTYtOGY4OC0zNDM2M2JjN2M0YzAiOnsiY3JlYXRlIjozMDAwMDAwMDAwMDAsImRlbGV0ZSI6MzAwMDAwMDAwMDAwLCJ1cGRhdGUiOjMwMDAwMDAwMDAwMH0sInNjaGVtYV92ZXJzaW9uIjoiMSJ9",
          "dependencies": [
            "yandex_vpc_network.project",
            "yandex_vpc_subnet.group-1"
          ]
        }
      ]
    },
    {
      "mode": "managed",
      "type": "yandex_compute_instance",
      "name": "jenkins-master",
      "provider": "provider[\"registry.terraform.io/yandex-cloud/yandex\"]",
      "instances": [
        {
          "schema_version": 1,
          "attributes": {
            "allow_recreate": null,
            "allow_stopping_for_update": true,
            "boot_disk": [
              {
                "auto_delete": true,
                "device_name": "fhmb2vdq8j6pt9i2rfn7",
                "disk_id": "fhmb2vdq8j6pt9i2rfn7",
                "initialize_params": [
                  {
                    "block_size": 4096,
                    "description": "",
                    "image_id": "fd8a67rb91j689dqp60h",
                    "name": "root-jenkins-master",
                    "size": 10,
                    "snapshot_id": "",
                    "type": "network-ssd"
                  }
                ],
                "mode": "READ_WRITE"
              }
            ],
            "created_at": "2023-03-28T10:50:30Z",
            "description": "",
            "filesystem": [],
            "folder_id": "b1gpur6h6nm983ia1ljb",
            "fqdn": "jenkins-master.netology.yc",
            "gpu_cluster_id": "",
            "hostname": "jenkins-master.netology.yc",
            "id": "fhmt7e3sm5ish6e57a4j",
            "labels": null,
            "local_disk": [],
            "metadata": {
              "ssh-keys": "debian:ssh-rsa AAAAB3NzaC1yc2EAAAADAQABAAABgQChMcGvOK4FwqaYPxYBeEwEOm4QEOVFY7Eel/gg3V1WKwPuktHif4HEgwDR9ZVKnvI7T6nGWp5/s0yxP39Yv9HrFWMlQtzRWFGBxHyDdc5wFCudBxXnglevpTRiwhi23qIlIEPMngXC74zzwe/JKK1V8T6xYOiJi4VkMWV8Y6VX0n9H2vUFtNDdR5R3Hdk4yd4N9myo55GLcYKs6HtBDNDT/Oaz6qz7KI4QRZlr6ycioa6YZoHjirPYr9bMl1uv/td6XB1tjUc3HTmJ8FOZJ6xFp6uonQKpgQZ19AhVb54GDIO563VYOOADeVCPLkaBCVq1OQ9pI2Wp2wlFC5PwvMQ3TIslGhVrQT4N68WtsVBlyKiYC3JeO8UzSK82tnLl9ioTAcX3lSHAr62JVMjtJXBc446laBP3i7OroRl7uQOJUl3B1bMWRnoRIiyDd8KasDMWZxBeYZ5n8nMLvNYgb7lr7m6QpxiWcm5JT0rbJWdB46ZhHlIHzoWt5zCV/G2RLRE= mojnovse@mojno-vseMacBook.local\n"
            },
            "metadata_options": [
              {
                "aws_v1_http_endpoint": 1,
                "aws_v1_http_token": 2,
                "gce_http_endpoint": 1,
                "gce_http_token": 1
              }
            ],
            "name": "jenkins-master",
            "network_acceleration_type": "standard",
            "network_interface": [
              {
                "dns_record": [],
                "index": 0,
                "ip_address": "10.200.80.4",
                "ipv4": true,
                "ipv6": false,
                "ipv6_address": "",
                "ipv6_dns_record": [],
                "mac_address": "d0:0d:1d:3b:87:cb",
                "nat": true,
                "nat_dns_record": [],
                "nat_ip_address": "158.160.41.28",
                "nat_ip_version": "IPV4",
                "security_group_ids": [],
                "subnet_id": "e9b2ratrcdpg9nvh5c03"
              }
            ],
            "placement_policy": [
              {
                "host_affinity_rules": [],
                "placement_group_id": ""
              }
            ],
            "platform_id": "standard-v1",
            "resources": [
              {
                "core_fraction": 100,
                "cores": 2,
                "gpus": 0,
                "memory": 4
              }
            ],
            "scheduling_policy": [
              {
                "preemptible": false
              }
            ],
            "secondary_disk": [],
            "service_account_id": "",
            "status": "running",
            "timeouts": null,
            "zone": "ru-central1-a"
          },
          "sensitive_attributes": [],
          "private": "eyJlMmJmYjczMC1lY2FhLTExZTYtOGY4OC0zNDM2M2JjN2M0YzAiOnsiY3JlYXRlIjozMDAwMDAwMDAwMDAsImRlbGV0ZSI6MzAwMDAwMDAwMDAwLCJ1cGRhdGUiOjMwMDAwMDAwMDAwMH0sInNjaGVtYV92ZXJzaW9uIjoiMSJ9",
          "dependencies": [
            "yandex_vpc_network.project",
            "yandex_vpc_subnet.group-1"
          ]
        }
      ]
    },
    {
      "mode": "managed",
      "type": "yandex_compute_instance",
      "name": "nginx-bl",
      "provider": "provider[\"registry.terraform.io/yandex-cloud/yandex\"]",
      "instances": [
        {
          "schema_version": 1,
          "attributes": {
            "allow_recreate": null,
            "allow_stopping_for_update": true,
            "boot_disk": [
              {
                "auto_delete": true,
                "device_name": "fhmhd49hfvuu9qsvskbf",
                "disk_id": "fhmhd49hfvuu9qsvskbf",
                "initialize_params": [
                  {
                    "block_size": 4096,
                    "description": "",
                    "image_id": "fd8a67rb91j689dqp60h",
                    "name": "root-nginx-bl",
                    "size": 10,
                    "snapshot_id": "",
                    "type": "network-ssd"
                  }
                ],
                "mode": "READ_WRITE"
              }
            ],
            "created_at": "2023-03-28T10:50:30Z",
            "description": "",
            "filesystem": [],
            "folder_id": "b1gpur6h6nm983ia1ljb",
            "fqdn": "nginx-bl.netology.cloud",
            "gpu_cluster_id": "",
            "hostname": "nginx-bl.netology.cloud",
            "id": "fhmfikareru921dqbv8a",
            "labels": null,
            "local_disk": [],
            "metadata": {
              "ssh-keys": "debian:ssh-rsa AAAAB3NzaC1yc2EAAAADAQABAAABgQChMcGvOK4FwqaYPxYBeEwEOm4QEOVFY7Eel/gg3V1WKwPuktHif4HEgwDR9ZVKnvI7T6nGWp5/s0yxP39Yv9HrFWMlQtzRWFGBxHyDdc5wFCudBxXnglevpTRiwhi23qIlIEPMngXC74zzwe/JKK1V8T6xYOiJi4VkMWV8Y6VX0n9H2vUFtNDdR5R3Hdk4yd4N9myo55GLcYKs6HtBDNDT/Oaz6qz7KI4QRZlr6ycioa6YZoHjirPYr9bMl1uv/td6XB1tjUc3HTmJ8FOZJ6xFp6uonQKpgQZ19AhVb54GDIO563VYOOADeVCPLkaBCVq1OQ9pI2Wp2wlFC5PwvMQ3TIslGhVrQT4N68WtsVBlyKiYC3JeO8UzSK82tnLl9ioTAcX3lSHAr62JVMjtJXBc446laBP3i7OroRl7uQOJUl3B1bMWRnoRIiyDd8KasDMWZxBeYZ5n8nMLvNYgb7lr7m6QpxiWcm5JT0rbJWdB46ZhHlIHzoWt5zCV/G2RLRE= mojnovse@mojno-vseMacBook.local\n"
            },
            "metadata_options": [
              {
                "aws_v1_http_endpoint": 1,
                "aws_v1_http_token": 2,
                "gce_http_endpoint": 1,
                "gce_http_token": 1
              }
            ],
            "name": "nginx-bl",
            "network_acceleration_type": "standard",
            "network_interface": [
              {
                "dns_record": [],
                "index": 0,
                "ip_address": "10.200.80.3",
                "ipv4": true,
                "ipv6": false,
                "ipv6_address": "",
                "ipv6_dns_record": [],
                "mac_address": "d0:0d:f9:51:5b:76",
                "nat": true,
                "nat_dns_record": [],
                "nat_ip_address": "158.160.46.55",
                "nat_ip_version": "IPV4",
                "security_group_ids": [],
                "subnet_id": "e9b2ratrcdpg9nvh5c03"
              }
            ],
            "placement_policy": [
              {
                "host_affinity_rules": [],
                "placement_group_id": ""
              }
            ],
            "platform_id": "standard-v1",
            "resources": [
              {
                "core_fraction": 100,
                "cores": 2,
                "gpus": 0,
                "memory": 4
              }
            ],
            "scheduling_policy": [
              {
                "preemptible": false
              }
            ],
            "secondary_disk": [],
            "service_account_id": "",
            "status": "running",
            "timeouts": null,
            "zone": "ru-central1-a"
          },
          "sensitive_attributes": [],
          "private": "eyJlMmJmYjczMC1lY2FhLTExZTYtOGY4OC0zNDM2M2JjN2M0YzAiOnsiY3JlYXRlIjozMDAwMDAwMDAwMDAsImRlbGV0ZSI6MzAwMDAwMDAwMDAwLCJ1cGRhdGUiOjMwMDAwMDAwMDAwMH0sInNjaGVtYV92ZXJzaW9uIjoiMSJ9",
          "dependencies": [
            "yandex_vpc_network.project",
            "yandex_vpc_subnet.group-1"
          ]
        }
      ]
    },
    {
      "mode": "managed",
      "type": "yandex_compute_instance",
      "name": "prod-agent1",
      "provider": "provider[\"registry.terraform.io/yandex-cloud/yandex\"]",
      "instances": [
        {
          "schema_version": 1,
          "attributes": {
            "allow_recreate": null,
            "allow_stopping_for_update": true,
            "boot_disk": [
              {
                "auto_delete": true,
                "device_name": "fhmd1f4t8p0f05lh7o06",
                "disk_id": "fhmd1f4t8p0f05lh7o06",
                "initialize_params": [
                  {
                    "block_size": 4096,
                    "description": "",
                    "image_id": "fd8a67rb91j689dqp60h",
                    "name": "root-prod-agent",
                    "size": 10,
                    "snapshot_id": "",
                    "type": "network-ssd"
                  }
                ],
                "mode": "READ_WRITE"
              }
            ],
            "created_at": "2023-03-28T10:50:30Z",
            "description": "",
            "filesystem": [],
            "folder_id": "b1gpur6h6nm983ia1ljb",
            "fqdn": "prod-agent1.netology.cloud",
            "gpu_cluster_id": "",
            "hostname": "prod-agent1.netology.cloud",
            "id": "fhmoidsejslrgv10mcfa",
            "labels": null,
            "local_disk": [],
            "metadata": {
              "ssh-keys": "debian:ssh-rsa AAAAB3NzaC1yc2EAAAADAQABAAABgQChMcGvOK4FwqaYPxYBeEwEOm4QEOVFY7Eel/gg3V1WKwPuktHif4HEgwDR9ZVKnvI7T6nGWp5/s0yxP39Yv9HrFWMlQtzRWFGBxHyDdc5wFCudBxXnglevpTRiwhi23qIlIEPMngXC74zzwe/JKK1V8T6xYOiJi4VkMWV8Y6VX0n9H2vUFtNDdR5R3Hdk4yd4N9myo55GLcYKs6HtBDNDT/Oaz6qz7KI4QRZlr6ycioa6YZoHjirPYr9bMl1uv/td6XB1tjUc3HTmJ8FOZJ6xFp6uonQKpgQZ19AhVb54GDIO563VYOOADeVCPLkaBCVq1OQ9pI2Wp2wlFC5PwvMQ3TIslGhVrQT4N68WtsVBlyKiYC3JeO8UzSK82tnLl9ioTAcX3lSHAr62JVMjtJXBc446laBP3i7OroRl7uQOJUl3B1bMWRnoRIiyDd8KasDMWZxBeYZ5n8nMLvNYgb7lr7m6QpxiWcm5JT0rbJWdB46ZhHlIHzoWt5zCV/G2RLRE= mojnovse@mojno-vseMacBook.local\n"
            },
            "metadata_options": [
              {
                "aws_v1_http_endpoint": 1,
                "aws_v1_http_token": 2,
                "gce_http_endpoint": 1,
                "gce_http_token": 1
              }
            ],
            "name": "prod-agent1",
            "network_acceleration_type": "standard",
            "network_interface": [
              {
                "dns_record": [],
                "index": 0,
                "ip_address": "10.200.80.5",
                "ipv4": true,
                "ipv6": false,
                "ipv6_address": "",
                "ipv6_dns_record": [],
                "mac_address": "d0:0d:18:93:78:e9",
                "nat": true,
                "nat_dns_record": [],
                "nat_ip_address": "158.160.49.215",
                "nat_ip_version": "IPV4",
                "security_group_ids": [],
                "subnet_id": "e9b2ratrcdpg9nvh5c03"
              }
            ],
            "placement_policy": [
              {
                "host_affinity_rules": [],
                "placement_group_id": ""
              }
            ],
            "platform_id": "standard-v1",
            "resources": [
              {
                "core_fraction": 100,
                "cores": 2,
                "gpus": 0,
                "memory": 4
              }
            ],
            "scheduling_policy": [
              {
                "preemptible": false
              }
            ],
            "secondary_disk": [],
            "service_account_id": "",
            "status": "running",
            "timeouts": null,
            "zone": "ru-central1-a"
          },
          "sensitive_attributes": [],
          "private": "eyJlMmJmYjczMC1lY2FhLTExZTYtOGY4OC0zNDM2M2JjN2M0YzAiOnsiY3JlYXRlIjozMDAwMDAwMDAwMDAsImRlbGV0ZSI6MzAwMDAwMDAwMDAwLCJ1cGRhdGUiOjMwMDAwMDAwMDAwMH0sInNjaGVtYV92ZXJzaW9uIjoiMSJ9",
          "dependencies": [
            "yandex_vpc_network.project",
            "yandex_vpc_subnet.group-1"
          ]
        }
      ]
    },
    {
      "mode": "managed",
      "type": "yandex_compute_instance",
      "name": "prod-node1",
      "provider": "provider[\"registry.terraform.io/yandex-cloud/yandex\"]",
      "instances": [
        {
          "schema_version": 1,
          "attributes": {
            "allow_recreate": null,
            "allow_stopping_for_update": true,
            "boot_disk": [
              {
                "auto_delete": true,
                "device_name": "fhmb52kl0a2rh879jo4q",
                "disk_id": "fhmb52kl0a2rh879jo4q",
                "initialize_params": [
                  {
                    "block_size": 4096,
                    "description": "",
                    "image_id": "fd8a67rb91j689dqp60h",
                    "name": "root-prod-node1",
                    "size": 10,
                    "snapshot_id": "",
                    "type": "network-ssd"
                  }
                ],
                "mode": "READ_WRITE"
              }
            ],
            "created_at": "2023-03-28T10:50:30Z",
            "description": "",
            "filesystem": [],
            "folder_id": "b1gpur6h6nm983ia1ljb",
            "fqdn": "prod-node1.netology.cloud",
            "gpu_cluster_id": "",
            "hostname": "prod-node1.netology.cloud",
            "id": "fhm1cg14ba1an4l2327g",
            "labels": null,
            "local_disk": [],
            "metadata": {
              "ssh-keys": "debian:ssh-rsa AAAAB3NzaC1yc2EAAAADAQABAAABgQChMcGvOK4FwqaYPxYBeEwEOm4QEOVFY7Eel/gg3V1WKwPuktHif4HEgwDR9ZVKnvI7T6nGWp5/s0yxP39Yv9HrFWMlQtzRWFGBxHyDdc5wFCudBxXnglevpTRiwhi23qIlIEPMngXC74zzwe/JKK1V8T6xYOiJi4VkMWV8Y6VX0n9H2vUFtNDdR5R3Hdk4yd4N9myo55GLcYKs6HtBDNDT/Oaz6qz7KI4QRZlr6ycioa6YZoHjirPYr9bMl1uv/td6XB1tjUc3HTmJ8FOZJ6xFp6uonQKpgQZ19AhVb54GDIO563VYOOADeVCPLkaBCVq1OQ9pI2Wp2wlFC5PwvMQ3TIslGhVrQT4N68WtsVBlyKiYC3JeO8UzSK82tnLl9ioTAcX3lSHAr62JVMjtJXBc446laBP3i7OroRl7uQOJUl3B1bMWRnoRIiyDd8KasDMWZxBeYZ5n8nMLvNYgb7lr7m6QpxiWcm5JT0rbJWdB46ZhHlIHzoWt5zCV/G2RLRE= mojnovse@mojno-vseMacBook.local\n"
            },
            "metadata_options": [
              {
                "aws_v1_http_endpoint": 1,
                "aws_v1_http_token": 2,
                "gce_http_endpoint": 1,
                "gce_http_token": 1
              }
            ],
            "name": "prod-node1",
            "network_acceleration_type": "standard",
            "network_interface": [
              {
                "dns_record": [],
                "index": 0,
                "ip_address": "10.200.110.11",
                "ipv4": true,
                "ipv6": false,
                "ipv6_address": "",
                "ipv6_dns_record": [],
                "mac_address": "d0:0d:16:40:24:5a",
                "nat": false,
                "nat_dns_record": [],
                "nat_ip_address": "",
                "nat_ip_version": "",
                "security_group_ids": [],
                "subnet_id": "e9brcn5l2u9g2bviukqh"
              }
            ],
            "placement_policy": [
              {
                "host_affinity_rules": [],
                "placement_group_id": ""
              }
            ],
            "platform_id": "standard-v1",
            "resources": [
              {
                "core_fraction": 100,
                "cores": 2,
                "gpus": 0,
                "memory": 4
              }
            ],
            "scheduling_policy": [
              {
                "preemptible": false
              }
            ],
            "secondary_disk": [],
            "service_account_id": "",
            "status": "running",
            "timeouts": null,
            "zone": "ru-central1-a"
          },
          "sensitive_attributes": [],
          "private": "eyJlMmJmYjczMC1lY2FhLTExZTYtOGY4OC0zNDM2M2JjN2M0YzAiOnsiY3JlYXRlIjozMDAwMDAwMDAwMDAsImRlbGV0ZSI6MzAwMDAwMDAwMDAwLCJ1cGRhdGUiOjMwMDAwMDAwMDAwMH0sInNjaGVtYV92ZXJzaW9uIjoiMSJ9",
          "dependencies": [
            "yandex_vpc_network.project",
            "yandex_vpc_subnet.prod"
          ]
        }
      ]
    },
    {
      "mode": "managed",
      "type": "yandex_compute_instance",
      "name": "prod-node2",
      "provider": "provider[\"registry.terraform.io/yandex-cloud/yandex\"]",
      "instances": [
        {
          "schema_version": 1,
          "attributes": {
            "allow_recreate": null,
            "allow_stopping_for_update": true,
            "boot_disk": [
              {
                "auto_delete": true,
                "device_name": "fhmu9hml7llkomb3hn58",
                "disk_id": "fhmu9hml7llkomb3hn58",
                "initialize_params": [
                  {
                    "block_size": 4096,
                    "description": "",
                    "image_id": "fd8a67rb91j689dqp60h",
                    "name": "root-prod-node2",
                    "size": 10,
                    "snapshot_id": "",
                    "type": "network-ssd"
                  }
                ],
                "mode": "READ_WRITE"
              }
            ],
            "created_at": "2023-03-28T10:50:30Z",
            "description": "",
            "filesystem": [],
            "folder_id": "b1gpur6h6nm983ia1ljb",
            "fqdn": "prod-node2.netology.cloud",
            "gpu_cluster_id": "",
            "hostname": "prod-node2.netology.cloud",
            "id": "fhmhq0itg0d9pj9ni0jj",
            "labels": null,
            "local_disk": [],
            "metadata": {
              "ssh-keys": "debian:ssh-rsa AAAAB3NzaC1yc2EAAAADAQABAAABgQChMcGvOK4FwqaYPxYBeEwEOm4QEOVFY7Eel/gg3V1WKwPuktHif4HEgwDR9ZVKnvI7T6nGWp5/s0yxP39Yv9HrFWMlQtzRWFGBxHyDdc5wFCudBxXnglevpTRiwhi23qIlIEPMngXC74zzwe/JKK1V8T6xYOiJi4VkMWV8Y6VX0n9H2vUFtNDdR5R3Hdk4yd4N9myo55GLcYKs6HtBDNDT/Oaz6qz7KI4QRZlr6ycioa6YZoHjirPYr9bMl1uv/td6XB1tjUc3HTmJ8FOZJ6xFp6uonQKpgQZ19AhVb54GDIO563VYOOADeVCPLkaBCVq1OQ9pI2Wp2wlFC5PwvMQ3TIslGhVrQT4N68WtsVBlyKiYC3JeO8UzSK82tnLl9ioTAcX3lSHAr62JVMjtJXBc446laBP3i7OroRl7uQOJUl3B1bMWRnoRIiyDd8KasDMWZxBeYZ5n8nMLvNYgb7lr7m6QpxiWcm5JT0rbJWdB46ZhHlIHzoWt5zCV/G2RLRE= mojnovse@mojno-vseMacBook.local\n"
            },
            "metadata_options": [
              {
                "aws_v1_http_endpoint": 1,
                "aws_v1_http_token": 2,
                "gce_http_endpoint": 1,
                "gce_http_token": 1
              }
            ],
            "name": "prod-node2",
            "network_acceleration_type": "standard",
            "network_interface": [
              {
                "dns_record": [],
                "index": 0,
                "ip_address": "10.200.110.12",
                "ipv4": true,
                "ipv6": false,
                "ipv6_address": "",
                "ipv6_dns_record": [],
                "mac_address": "d0:0d:11:d0:25:d8",
                "nat": false,
                "nat_dns_record": [],
                "nat_ip_address": "",
                "nat_ip_version": "",
                "security_group_ids": [],
                "subnet_id": "e9brcn5l2u9g2bviukqh"
              }
            ],
            "placement_policy": [
              {
                "host_affinity_rules": [],
                "placement_group_id": ""
              }
            ],
            "platform_id": "standard-v1",
            "resources": [
              {
                "core_fraction": 100,
                "cores": 2,
                "gpus": 0,
                "memory": 4
              }
            ],
            "scheduling_policy": [
              {
                "preemptible": false
              }
            ],
            "secondary_disk": [],
            "service_account_id": "",
            "status": "running",
            "timeouts": null,
            "zone": "ru-central1-a"
          },
          "sensitive_attributes": [],
          "private": "eyJlMmJmYjczMC1lY2FhLTExZTYtOGY4OC0zNDM2M2JjN2M0YzAiOnsiY3JlYXRlIjozMDAwMDAwMDAwMDAsImRlbGV0ZSI6MzAwMDAwMDAwMDAwLCJ1cGRhdGUiOjMwMDAwMDAwMDAwMH0sInNjaGVtYV92ZXJzaW9uIjoiMSJ9",
          "dependencies": [
            "yandex_vpc_network.project",
            "yandex_vpc_subnet.prod"
          ]
        }
      ]
    },
    {
      "mode": "managed",
      "type": "yandex_compute_instance",
      "name": "prod-node3",
      "provider": "provider[\"registry.terraform.io/yandex-cloud/yandex\"]",
      "instances": [
        {
          "schema_version": 1,
          "attributes": {
            "allow_recreate": null,
            "allow_stopping_for_update": true,
            "boot_disk": [
              {
                "auto_delete": true,
                "device_name": "fhmsccicinkkie3smc8m",
                "disk_id": "fhmsccicinkkie3smc8m",
                "initialize_params": [
                  {
                    "block_size": 4096,
                    "description": "",
                    "image_id": "fd8a67rb91j689dqp60h",
                    "name": "root-prod-node3",
                    "size": 10,
                    "snapshot_id": "",
                    "type": "network-ssd"
                  }
                ],
                "mode": "READ_WRITE"
              }
            ],
            "created_at": "2023-03-28T10:50:30Z",
            "description": "",
            "filesystem": [],
            "folder_id": "b1gpur6h6nm983ia1ljb",
            "fqdn": "prod-node3.netology.cloud",
            "gpu_cluster_id": "",
            "hostname": "prod-node3.netology.cloud",
            "id": "fhmra93kpv1litpriag9",
            "labels": null,
            "local_disk": [],
            "metadata": {
              "ssh-keys": "debian:ssh-rsa AAAAB3NzaC1yc2EAAAADAQABAAABgQChMcGvOK4FwqaYPxYBeEwEOm4QEOVFY7Eel/gg3V1WKwPuktHif4HEgwDR9ZVKnvI7T6nGWp5/s0yxP39Yv9HrFWMlQtzRWFGBxHyDdc5wFCudBxXnglevpTRiwhi23qIlIEPMngXC74zzwe/JKK1V8T6xYOiJi4VkMWV8Y6VX0n9H2vUFtNDdR5R3Hdk4yd4N9myo55GLcYKs6HtBDNDT/Oaz6qz7KI4QRZlr6ycioa6YZoHjirPYr9bMl1uv/td6XB1tjUc3HTmJ8FOZJ6xFp6uonQKpgQZ19AhVb54GDIO563VYOOADeVCPLkaBCVq1OQ9pI2Wp2wlFC5PwvMQ3TIslGhVrQT4N68WtsVBlyKiYC3JeO8UzSK82tnLl9ioTAcX3lSHAr62JVMjtJXBc446laBP3i7OroRl7uQOJUl3B1bMWRnoRIiyDd8KasDMWZxBeYZ5n8nMLvNYgb7lr7m6QpxiWcm5JT0rbJWdB46ZhHlIHzoWt5zCV/G2RLRE= mojnovse@mojno-vseMacBook.local\n"
            },
            "metadata_options": [
              {
                "aws_v1_http_endpoint": 1,
                "aws_v1_http_token": 2,
                "gce_http_endpoint": 1,
                "gce_http_token": 1
              }
            ],
            "name": "prod-node3",
            "network_acceleration_type": "standard",
            "network_interface": [
              {
                "dns_record": [],
                "index": 0,
                "ip_address": "10.200.110.13",
                "ipv4": true,
                "ipv6": false,
                "ipv6_address": "",
                "ipv6_dns_record": [],
                "mac_address": "d0:0d:1b:52:47:4c",
                "nat": false,
                "nat_dns_record": [],
                "nat_ip_address": "",
                "nat_ip_version": "",
                "security_group_ids": [],
                "subnet_id": "e9brcn5l2u9g2bviukqh"
              }
            ],
            "placement_policy": [
              {
                "host_affinity_rules": [],
                "placement_group_id": ""
              }
            ],
            "platform_id": "standard-v1",
            "resources": [
              {
                "core_fraction": 100,
                "cores": 2,
                "gpus": 0,
                "memory": 4
              }
            ],
            "scheduling_policy": [
              {
                "preemptible": false
              }
            ],
            "secondary_disk": [],
            "service_account_id": "",
            "status": "running",
            "timeouts": null,
            "zone": "ru-central1-a"
          },
          "sensitive_attributes": [],
          "private": "eyJlMmJmYjczMC1lY2FhLTExZTYtOGY4OC0zNDM2M2JjN2M0YzAiOnsiY3JlYXRlIjozMDAwMDAwMDAwMDAsImRlbGV0ZSI6MzAwMDAwMDAwMDAwLCJ1cGRhdGUiOjMwMDAwMDAwMDAwMH0sInNjaGVtYV92ZXJzaW9uIjoiMSJ9",
          "dependencies": [
            "yandex_vpc_network.project",
            "yandex_vpc_subnet.prod"
          ]
        }
      ]
    },
    {
      "mode": "managed",
      "type": "yandex_compute_instance",
      "name": "stage-agent1",
      "provider": "provider[\"registry.terraform.io/yandex-cloud/yandex\"]",
      "instances": [
        {
          "schema_version": 1,
          "attributes": {
            "allow_recreate": null,
            "allow_stopping_for_update": true,
            "boot_disk": [
              {
                "auto_delete": true,
                "device_name": "fhm8dpta0m3d8vatl26a",
                "disk_id": "fhm8dpta0m3d8vatl26a",
                "initialize_params": [
                  {
                    "block_size": 4096,
                    "description": "",
                    "image_id": "fd8a67rb91j689dqp60h",
                    "name": "root-stage-agent",
                    "size": 10,
                    "snapshot_id": "",
                    "type": "network-ssd"
                  }
                ],
                "mode": "READ_WRITE"
              }
            ],
            "created_at": "2023-03-28T10:50:30Z",
            "description": "",
            "filesystem": [],
            "folder_id": "b1gpur6h6nm983ia1ljb",
            "fqdn": "stage-agent1.netology.cloud",
            "gpu_cluster_id": "",
            "hostname": "stage-agent1.netology.cloud",
            "id": "fhm94qdsechk33dsqj1r",
            "labels": null,
            "local_disk": [],
            "metadata": {
              "ssh-keys": "debian:ssh-rsa AAAAB3NzaC1yc2EAAAADAQABAAABgQChMcGvOK4FwqaYPxYBeEwEOm4QEOVFY7Eel/gg3V1WKwPuktHif4HEgwDR9ZVKnvI7T6nGWp5/s0yxP39Yv9HrFWMlQtzRWFGBxHyDdc5wFCudBxXnglevpTRiwhi23qIlIEPMngXC74zzwe/JKK1V8T6xYOiJi4VkMWV8Y6VX0n9H2vUFtNDdR5R3Hdk4yd4N9myo55GLcYKs6HtBDNDT/Oaz6qz7KI4QRZlr6ycioa6YZoHjirPYr9bMl1uv/td6XB1tjUc3HTmJ8FOZJ6xFp6uonQKpgQZ19AhVb54GDIO563VYOOADeVCPLkaBCVq1OQ9pI2Wp2wlFC5PwvMQ3TIslGhVrQT4N68WtsVBlyKiYC3JeO8UzSK82tnLl9ioTAcX3lSHAr62JVMjtJXBc446laBP3i7OroRl7uQOJUl3B1bMWRnoRIiyDd8KasDMWZxBeYZ5n8nMLvNYgb7lr7m6QpxiWcm5JT0rbJWdB46ZhHlIHzoWt5zCV/G2RLRE= mojnovse@mojno-vseMacBook.local\n"
            },
            "metadata_options": [
              {
                "aws_v1_http_endpoint": 1,
                "aws_v1_http_token": 2,
                "gce_http_endpoint": 1,
                "gce_http_token": 1
              }
            ],
            "name": "stage-agent1",
            "network_acceleration_type": "standard",
            "network_interface": [
              {
                "dns_record": [],
                "index": 0,
                "ip_address": "10.200.80.6",
                "ipv4": true,
                "ipv6": false,
                "ipv6_address": "",
                "ipv6_dns_record": [],
                "mac_address": "d0:0d:92:69:bc:73",
                "nat": true,
                "nat_dns_record": [],
                "nat_ip_address": "158.160.46.135",
                "nat_ip_version": "IPV4",
                "security_group_ids": [],
                "subnet_id": "e9b2ratrcdpg9nvh5c03"
              }
            ],
            "placement_policy": [
              {
                "host_affinity_rules": [],
                "placement_group_id": ""
              }
            ],
            "platform_id": "standard-v1",
            "resources": [
              {
                "core_fraction": 100,
                "cores": 2,
                "gpus": 0,
                "memory": 4
              }
            ],
            "scheduling_policy": [
              {
                "preemptible": false
              }
            ],
            "secondary_disk": [],
            "service_account_id": "",
            "status": "running",
            "timeouts": null,
            "zone": "ru-central1-a"
          },
          "sensitive_attributes": [],
          "private": "eyJlMmJmYjczMC1lY2FhLTExZTYtOGY4OC0zNDM2M2JjN2M0YzAiOnsiY3JlYXRlIjozMDAwMDAwMDAwMDAsImRlbGV0ZSI6MzAwMDAwMDAwMDAwLCJ1cGRhdGUiOjMwMDAwMDAwMDAwMH0sInNjaGVtYV92ZXJzaW9uIjoiMSJ9",
          "dependencies": [
            "yandex_vpc_network.project",
            "yandex_vpc_subnet.group-1"
          ]
        }
      ]
    },
    {
      "mode": "managed",
      "type": "yandex_compute_instance",
      "name": "stage-node1",
      "provider": "provider[\"registry.terraform.io/yandex-cloud/yandex\"]",
      "instances": [
        {
          "schema_version": 1,
          "attributes": {
            "allow_recreate": null,
            "allow_stopping_for_update": true,
            "boot_disk": [
              {
                "auto_delete": true,
                "device_name": "fhml4p9uqrjhl9srjiv1",
                "disk_id": "fhml4p9uqrjhl9srjiv1",
                "initialize_params": [
                  {
                    "block_size": 4096,
                    "description": "",
                    "image_id": "fd8a67rb91j689dqp60h",
                    "name": "root-stage-node1",
                    "size": 10,
                    "snapshot_id": "",
                    "type": "network-ssd"
                  }
                ],
                "mode": "READ_WRITE"
              }
            ],
            "created_at": "2023-03-28T10:50:53Z",
            "description": "",
            "filesystem": [],
            "folder_id": "b1gpur6h6nm983ia1ljb",
            "fqdn": "stage-node1.netology.cloud",
            "gpu_cluster_id": "",
            "hostname": "stage-node1.netology.cloud",
            "id": "fhmj5kpek1sm48o9igjd",
            "labels": null,
            "local_disk": [],
            "metadata": {
              "ssh-keys": "debian:ssh-rsa AAAAB3NzaC1yc2EAAAADAQABAAABgQChMcGvOK4FwqaYPxYBeEwEOm4QEOVFY7Eel/gg3V1WKwPuktHif4HEgwDR9ZVKnvI7T6nGWp5/s0yxP39Yv9HrFWMlQtzRWFGBxHyDdc5wFCudBxXnglevpTRiwhi23qIlIEPMngXC74zzwe/JKK1V8T6xYOiJi4VkMWV8Y6VX0n9H2vUFtNDdR5R3Hdk4yd4N9myo55GLcYKs6HtBDNDT/Oaz6qz7KI4QRZlr6ycioa6YZoHjirPYr9bMl1uv/td6XB1tjUc3HTmJ8FOZJ6xFp6uonQKpgQZ19AhVb54GDIO563VYOOADeVCPLkaBCVq1OQ9pI2Wp2wlFC5PwvMQ3TIslGhVrQT4N68WtsVBlyKiYC3JeO8UzSK82tnLl9ioTAcX3lSHAr62JVMjtJXBc446laBP3i7OroRl7uQOJUl3B1bMWRnoRIiyDd8KasDMWZxBeYZ5n8nMLvNYgb7lr7m6QpxiWcm5JT0rbJWdB46ZhHlIHzoWt5zCV/G2RLRE= mojnovse@mojno-vseMacBook.local\n"
            },
            "metadata_options": [
              {
                "aws_v1_http_endpoint": 1,
                "aws_v1_http_token": 2,
                "gce_http_endpoint": 1,
                "gce_http_token": 1
              }
            ],
            "name": "stage-node1",
            "network_acceleration_type": "standard",
            "network_interface": [
              {
                "dns_record": [],
                "index": 0,
                "ip_address": "10.200.100.11",
                "ipv4": true,
                "ipv6": false,
                "ipv6_address": "",
                "ipv6_dns_record": [],
                "mac_address": "d0:0d:13:2d:32:ea",
                "nat": false,
                "nat_dns_record": [],
                "nat_ip_address": "",
                "nat_ip_version": "",
                "security_group_ids": [],
                "subnet_id": "e9belhp5o7s9vrqbhvf3"
              }
            ],
            "placement_policy": [
              {
                "host_affinity_rules": [],
                "placement_group_id": ""
              }
            ],
            "platform_id": "standard-v1",
            "resources": [
              {
                "core_fraction": 100,
                "cores": 2,
                "gpus": 0,
                "memory": 4
              }
            ],
            "scheduling_policy": [
              {
                "preemptible": false
              }
            ],
            "secondary_disk": [],
            "service_account_id": "",
            "status": "running",
            "timeouts": null,
            "zone": "ru-central1-a"
          },
          "sensitive_attributes": [],
          "private": "eyJlMmJmYjczMC1lY2FhLTExZTYtOGY4OC0zNDM2M2JjN2M0YzAiOnsiY3JlYXRlIjozMDAwMDAwMDAwMDAsImRlbGV0ZSI6MzAwMDAwMDAwMDAwLCJ1cGRhdGUiOjMwMDAwMDAwMDAwMH0sInNjaGVtYV92ZXJzaW9uIjoiMSJ9",
          "dependencies": [
            "yandex_vpc_network.project",
            "yandex_vpc_subnet.stage"
          ]
        }
      ]
    },
    {
      "mode": "managed",
      "type": "yandex_compute_instance",
      "name": "stage-node2",
      "provider": "provider[\"registry.terraform.io/yandex-cloud/yandex\"]",
      "instances": [
        {
          "schema_version": 1,
          "attributes": {
            "allow_recreate": null,
            "allow_stopping_for_update": true,
            "boot_disk": [
              {
                "auto_delete": true,
                "device_name": "fhmgm9p2bs28l4gt6e6o",
                "disk_id": "fhmgm9p2bs28l4gt6e6o",
                "initialize_params": [
                  {
                    "block_size": 4096,
                    "description": "",
                    "image_id": "fd8a67rb91j689dqp60h",
                    "name": "root-stage-node2",
                    "size": 10,
                    "snapshot_id": "",
                    "type": "network-ssd"
                  }
                ],
                "mode": "READ_WRITE"
              }
            ],
            "created_at": "2023-03-28T10:50:30Z",
            "description": "",
            "filesystem": [],
            "folder_id": "b1gpur6h6nm983ia1ljb",
            "fqdn": "stage-node2.netology.cloud",
            "gpu_cluster_id": "",
            "hostname": "stage-node2.netology.cloud",
            "id": "fhm241k6dbuv5j75ipie",
            "labels": null,
            "local_disk": [],
            "metadata": {
              "ssh-keys": "debian:ssh-rsa AAAAB3NzaC1yc2EAAAADAQABAAABgQChMcGvOK4FwqaYPxYBeEwEOm4QEOVFY7Eel/gg3V1WKwPuktHif4HEgwDR9ZVKnvI7T6nGWp5/s0yxP39Yv9HrFWMlQtzRWFGBxHyDdc5wFCudBxXnglevpTRiwhi23qIlIEPMngXC74zzwe/JKK1V8T6xYOiJi4VkMWV8Y6VX0n9H2vUFtNDdR5R3Hdk4yd4N9myo55GLcYKs6HtBDNDT/Oaz6qz7KI4QRZlr6ycioa6YZoHjirPYr9bMl1uv/td6XB1tjUc3HTmJ8FOZJ6xFp6uonQKpgQZ19AhVb54GDIO563VYOOADeVCPLkaBCVq1OQ9pI2Wp2wlFC5PwvMQ3TIslGhVrQT4N68WtsVBlyKiYC3JeO8UzSK82tnLl9ioTAcX3lSHAr62JVMjtJXBc446laBP3i7OroRl7uQOJUl3B1bMWRnoRIiyDd8KasDMWZxBeYZ5n8nMLvNYgb7lr7m6QpxiWcm5JT0rbJWdB46ZhHlIHzoWt5zCV/G2RLRE= mojnovse@mojno-vseMacBook.local\n"
            },
            "metadata_options": [
              {
                "aws_v1_http_endpoint": 1,
                "aws_v1_http_token": 2,
                "gce_http_endpoint": 1,
                "gce_http_token": 1
              }
            ],
            "name": "stage-node2",
            "network_acceleration_type": "standard",
            "network_interface": [
              {
                "dns_record": [],
                "index": 0,
                "ip_address": "10.200.100.12",
                "ipv4": true,
                "ipv6": false,
                "ipv6_address": "",
                "ipv6_dns_record": [],
                "mac_address": "d0:0d:22:06:86:6a",
                "nat": false,
                "nat_dns_record": [],
                "nat_ip_address": "",
                "nat_ip_version": "",
                "security_group_ids": [],
                "subnet_id": "e9belhp5o7s9vrqbhvf3"
              }
            ],
            "placement_policy": [
              {
                "host_affinity_rules": [],
                "placement_group_id": ""
              }
            ],
            "platform_id": "standard-v1",
            "resources": [
              {
                "core_fraction": 100,
                "cores": 2,
                "gpus": 0,
                "memory": 4
              }
            ],
            "scheduling_policy": [
              {
                "preemptible": false
              }
            ],
            "secondary_disk": [],
            "service_account_id": "",
            "status": "running",
            "timeouts": null,
            "zone": "ru-central1-a"
          },
          "sensitive_attributes": [],
          "private": "eyJlMmJmYjczMC1lY2FhLTExZTYtOGY4OC0zNDM2M2JjN2M0YzAiOnsiY3JlYXRlIjozMDAwMDAwMDAwMDAsImRlbGV0ZSI6MzAwMDAwMDAwMDAwLCJ1cGRhdGUiOjMwMDAwMDAwMDAwMH0sInNjaGVtYV92ZXJzaW9uIjoiMSJ9",
          "dependencies": [
            "yandex_vpc_network.project",
            "yandex_vpc_subnet.stage"
          ]
        }
      ]
    },
    {
      "mode": "managed",
      "type": "yandex_compute_instance",
      "name": "stage-node3",
      "provider": "provider[\"registry.terraform.io/yandex-cloud/yandex\"]",
      "instances": [
        {
          "schema_version": 1,
          "attributes": {
            "allow_recreate": null,
            "allow_stopping_for_update": true,
            "boot_disk": [
              {
                "auto_delete": true,
                "device_name": "fhmeoa1f1n8m8k3r9920",
                "disk_id": "fhmeoa1f1n8m8k3r9920",
                "initialize_params": [
                  {
                    "block_size": 4096,
                    "description": "",
                    "image_id": "fd8a67rb91j689dqp60h",
                    "name": "root-stage-node3",
                    "size": 10,
                    "snapshot_id": "",
                    "type": "network-ssd"
                  }
                ],
                "mode": "READ_WRITE"
              }
            ],
            "created_at": "2023-03-28T10:50:30Z",
            "description": "",
            "filesystem": [],
            "folder_id": "b1gpur6h6nm983ia1ljb",
            "fqdn": "stage-node3.netology.cloud",
            "gpu_cluster_id": "",
            "hostname": "stage-node3.netology.cloud",
            "id": "fhmn5l974nk10np5ji1j",
            "labels": null,
            "local_disk": [],
            "metadata": {
              "ssh-keys": "debian:ssh-rsa AAAAB3NzaC1yc2EAAAADAQABAAABgQChMcGvOK4FwqaYPxYBeEwEOm4QEOVFY7Eel/gg3V1WKwPuktHif4HEgwDR9ZVKnvI7T6nGWp5/s0yxP39Yv9HrFWMlQtzRWFGBxHyDdc5wFCudBxXnglevpTRiwhi23qIlIEPMngXC74zzwe/JKK1V8T6xYOiJi4VkMWV8Y6VX0n9H2vUFtNDdR5R3Hdk4yd4N9myo55GLcYKs6HtBDNDT/Oaz6qz7KI4QRZlr6ycioa6YZoHjirPYr9bMl1uv/td6XB1tjUc3HTmJ8FOZJ6xFp6uonQKpgQZ19AhVb54GDIO563VYOOADeVCPLkaBCVq1OQ9pI2Wp2wlFC5PwvMQ3TIslGhVrQT4N68WtsVBlyKiYC3JeO8UzSK82tnLl9ioTAcX3lSHAr62JVMjtJXBc446laBP3i7OroRl7uQOJUl3B1bMWRnoRIiyDd8KasDMWZxBeYZ5n8nMLvNYgb7lr7m6QpxiWcm5JT0rbJWdB46ZhHlIHzoWt5zCV/G2RLRE= mojnovse@mojno-vseMacBook.local\n"
            },
            "metadata_options": [
              {
                "aws_v1_http_endpoint": 1,
                "aws_v1_http_token": 2,
                "gce_http_endpoint": 1,
                "gce_http_token": 1
              }
            ],
            "name": "stage-node3",
            "network_acceleration_type": "standard",
            "network_interface": [
              {
                "dns_record": [],
                "index": 0,
                "ip_address": "10.200.100.13",
                "ipv4": true,
                "ipv6": false,
                "ipv6_address": "",
                "ipv6_dns_record": [],
                "mac_address": "d0:0d:17:2d:52:72",
                "nat": false,
                "nat_dns_record": [],
                "nat_ip_address": "",
                "nat_ip_version": "",
                "security_group_ids": [],
                "subnet_id": "e9belhp5o7s9vrqbhvf3"
              }
            ],
            "placement_policy": [
              {
                "host_affinity_rules": [],
                "placement_group_id": ""
              }
            ],
            "platform_id": "standard-v1",
            "resources": [
              {
                "core_fraction": 100,
                "cores": 2,
                "gpus": 0,
                "memory": 4
              }
            ],
            "scheduling_policy": [
              {
                "preemptible": false
              }
            ],
            "secondary_disk": [],
            "service_account_id": "",
            "status": "running",
            "timeouts": null,
            "zone": "ru-central1-a"
          },
          "sensitive_attributes": [],
          "private": "eyJlMmJmYjczMC1lY2FhLTExZTYtOGY4OC0zNDM2M2JjN2M0YzAiOnsiY3JlYXRlIjozMDAwMDAwMDAwMDAsImRlbGV0ZSI6MzAwMDAwMDAwMDAwLCJ1cGRhdGUiOjMwMDAwMDAwMDAwMH0sInNjaGVtYV92ZXJzaW9uIjoiMSJ9",
          "dependencies": [
            "yandex_vpc_network.project",
            "yandex_vpc_subnet.stage"
          ]
        }
      ]
    },
    {
      "mode": "managed",
      "type": "yandex_dns_recordset",
      "name": "k8s-board",
      "provider": "provider[\"registry.terraform.io/yandex-cloud/yandex\"]",
      "instances": [
        {
          "schema_version": 0,
          "attributes": {
            "data": [
              "158.160.46.55"
            ],
            "id": "dns405ng246dsegtue7n/k8s-board.karagodin-ka.ru./A",
            "name": "k8s-board.karagodin-ka.ru.",
            "timeouts": null,
            "ttl": 200,
            "type": "A",
            "zone_id": "dns405ng246dsegtue7n"
          },
          "sensitive_attributes": [],
          "private": "eyJlMmJmYjczMC1lY2FhLTExZTYtOGY4OC0zNDM2M2JjN2M0YzAiOnsiY3JlYXRlIjozMDAwMDAwMDAwMDAsImRlbGV0ZSI6MzAwMDAwMDAwMDAwLCJ1cGRhdGUiOjMwMDAwMDAwMDAwMH19",
          "dependencies": [
            "yandex_compute_instance.nginx-bl",
            "yandex_dns_zone.zone1",
            "yandex_vpc_network.project",
            "yandex_vpc_subnet.group-1"
          ]
        }
      ]
    },
    {
      "mode": "managed",
      "type": "yandex_dns_recordset",
      "name": "pr-grafana",
      "provider": "provider[\"registry.terraform.io/yandex-cloud/yandex\"]",
      "instances": [
        {
          "schema_version": 0,
          "attributes": {
            "data": [
              "158.160.46.55"
            ],
            "id": "dns405ng246dsegtue7n/grafana.karagodin-ka.ru./A",
            "name": "grafana.karagodin-ka.ru.",
            "timeouts": null,
            "ttl": 200,
            "type": "A",
            "zone_id": "dns405ng246dsegtue7n"
          },
          "sensitive_attributes": [],
          "private": "eyJlMmJmYjczMC1lY2FhLTExZTYtOGY4OC0zNDM2M2JjN2M0YzAiOnsiY3JlYXRlIjozMDAwMDAwMDAwMDAsImRlbGV0ZSI6MzAwMDAwMDAwMDAwLCJ1cGRhdGUiOjMwMDAwMDAwMDAwMH19",
          "dependencies": [
            "yandex_compute_instance.nginx-bl",
            "yandex_dns_zone.zone1",
            "yandex_vpc_network.project",
            "yandex_vpc_subnet.group-1"
          ]
        }
      ]
    },
    {
      "mode": "managed",
      "type": "yandex_dns_recordset",
      "name": "pr-jenkins",
      "provider": "provider[\"registry.terraform.io/yandex-cloud/yandex\"]",
      "instances": [
        {
          "schema_version": 0,
          "attributes": {
            "data": [
              "158.160.46.55"
            ],
            "id": "dns405ng246dsegtue7n/jenkins.karagodin-ka.ru./A",
            "name": "jenkins.karagodin-ka.ru.",
            "timeouts": null,
            "ttl": 200,
            "type": "A",
            "zone_id": "dns405ng246dsegtue7n"
          },
          "sensitive_attributes": [],
          "private": "eyJlMmJmYjczMC1lY2FhLTExZTYtOGY4OC0zNDM2M2JjN2M0YzAiOnsiY3JlYXRlIjozMDAwMDAwMDAwMDAsImRlbGV0ZSI6MzAwMDAwMDAwMDAwLCJ1cGRhdGUiOjMwMDAwMDAwMDAwMH19",
          "dependencies": [
            "yandex_compute_instance.nginx-bl",
            "yandex_dns_zone.zone1",
            "yandex_vpc_network.project",
            "yandex_vpc_subnet.group-1"
          ]
        }
      ]
    },
    {
      "mode": "managed",
      "type": "yandex_dns_recordset",
      "name": "pr-test-web",
      "provider": "provider[\"registry.terraform.io/yandex-cloud/yandex\"]",
      "instances": [
        {
          "schema_version": 0,
          "attributes": {
            "data": [
              "158.160.46.55"
            ],
            "id": "dns405ng246dsegtue7n/test-web.karagodin-ka.ru./A",
            "name": "test-web.karagodin-ka.ru.",
            "timeouts": null,
            "ttl": 200,
            "type": "A",
            "zone_id": "dns405ng246dsegtue7n"
          },
          "sensitive_attributes": [],
          "private": "eyJlMmJmYjczMC1lY2FhLTExZTYtOGY4OC0zNDM2M2JjN2M0YzAiOnsiY3JlYXRlIjozMDAwMDAwMDAwMDAsImRlbGV0ZSI6MzAwMDAwMDAwMDAwLCJ1cGRhdGUiOjMwMDAwMDAwMDAwMH19",
          "dependencies": [
            "yandex_compute_instance.nginx-bl",
            "yandex_dns_zone.zone1",
            "yandex_vpc_network.project",
            "yandex_vpc_subnet.group-1"
          ]
        }
      ]
    },
    {
      "mode": "managed",
      "type": "yandex_dns_recordset",
      "name": "pr-web",
      "provider": "provider[\"registry.terraform.io/yandex-cloud/yandex\"]",
      "instances": [
        {
          "schema_version": 0,
          "attributes": {
            "data": [
              "158.160.46.55"
            ],
            "id": "dns405ng246dsegtue7n/web.karagodin-ka.ru./A",
            "name": "web.karagodin-ka.ru.",
            "timeouts": null,
            "ttl": 200,
            "type": "A",
            "zone_id": "dns405ng246dsegtue7n"
          },
          "sensitive_attributes": [],
          "private": "eyJlMmJmYjczMC1lY2FhLTExZTYtOGY4OC0zNDM2M2JjN2M0YzAiOnsiY3JlYXRlIjozMDAwMDAwMDAwMDAsImRlbGV0ZSI6MzAwMDAwMDAwMDAwLCJ1cGRhdGUiOjMwMDAwMDAwMDAwMH19",
          "dependencies": [
            "yandex_compute_instance.nginx-bl",
            "yandex_dns_zone.zone1",
            "yandex_vpc_network.project",
            "yandex_vpc_subnet.group-1"
          ]
        }
      ]
    },
    {
      "mode": "managed",
      "type": "yandex_dns_recordset",
      "name": "test-k8s-board",
      "provider": "provider[\"registry.terraform.io/yandex-cloud/yandex\"]",
      "instances": [
        {
          "schema_version": 0,
          "attributes": {
            "data": [
              "158.160.46.55"
            ],
            "id": "dns405ng246dsegtue7n/test-k8s-board.karagodin-ka.ru./A",
            "name": "test-k8s-board.karagodin-ka.ru.",
            "timeouts": null,
            "ttl": 200,
            "type": "A",
            "zone_id": "dns405ng246dsegtue7n"
          },
          "sensitive_attributes": [],
          "private": "eyJlMmJmYjczMC1lY2FhLTExZTYtOGY4OC0zNDM2M2JjN2M0YzAiOnsiY3JlYXRlIjozMDAwMDAwMDAwMDAsImRlbGV0ZSI6MzAwMDAwMDAwMDAwLCJ1cGRhdGUiOjMwMDAwMDAwMDAwMH19",
          "dependencies": [
            "yandex_compute_instance.nginx-bl",
            "yandex_dns_zone.zone1",
            "yandex_vpc_network.project",
            "yandex_vpc_subnet.group-1"
          ]
        }
      ]
    },
    {
      "mode": "managed",
      "type": "yandex_dns_zone",
      "name": "zone1",
      "provider": "provider[\"registry.terraform.io/yandex-cloud/yandex\"]",
      "instances": [
        {
          "schema_version": 0,
          "attributes": {
            "created_at": "2023-03-27T12:07:27Z",
            "description": "public zone",
            "folder_id": "b1gpur6h6nm983ia1ljb",
            "id": "dns405ng246dsegtue7n",
            "labels": {
              "label1": "public"
            },
            "name": "my-public-zone",
            "private_networks": [],
            "public": true,
            "timeouts": null,
            "zone": "karagodin-ka.ru."
          },
          "sensitive_attributes": [],
          "private": "eyJlMmJmYjczMC1lY2FhLTExZTYtOGY4OC0zNDM2M2JjN2M0YzAiOnsiY3JlYXRlIjozMDAwMDAwMDAwMDAsImRlbGV0ZSI6MzAwMDAwMDAwMDAwLCJ1cGRhdGUiOjMwMDAwMDAwMDAwMH19"
        }
      ]
    },
    {
      "mode": "managed",
      "type": "yandex_iam_service_account_static_access_key",
      "name": "sa-static-key",
      "provider": "provider[\"registry.terraform.io/yandex-cloud/yandex\"]",
      "instances": [
        {
          "schema_version": 0,
          "attributes": {
            "access_key": "YCAJEV0pXD1GTTswTaaLjwkYZ",
            "created_at": "2023-03-27T12:07:27Z",
            "description": "static access key for bucket",
            "encrypted_secret_key": null,
            "id": "aje7eiln6u1266rp5aq9",
            "key_fingerprint": null,
            "pgp_key": null,
            "secret_key": "YCOt1bkLrU3FHuqcxwrRCqsPvNE9vxTHPQtdKgaD",
            "service_account_id": "ajes0eik3ql9srn70mgr"
          },
          "sensitive_attributes": [],
          "private": "bnVsbA=="
        }
      ]
    },
    {
      "mode": "managed",
      "type": "yandex_lb_network_load_balancer",
      "name": "prod-lb",
      "provider": "provider[\"registry.terraform.io/yandex-cloud/yandex\"]",
      "instances": [
        {
          "schema_version": 0,
          "attributes": {
            "attached_target_group": [
              {
                "healthcheck": [
                  {
                    "healthy_threshold": 2,
                    "http_options": [
                      {
                        "path": "/",
                        "port": 80
                      }
                    ],
                    "interval": 2,
                    "name": "http",
                    "tcp_options": [],
                    "timeout": 1,
                    "unhealthy_threshold": 2
                  }
                ],
                "target_group_id": "enpp7linr8o5p9ua2l64"
              }
            ],
            "created_at": "2023-03-27T12:08:02Z",
            "deletion_protection": false,
            "description": "",
            "folder_id": "b1gpur6h6nm983ia1ljb",
            "id": "enpvqb58ml20ujg4uukb",
            "labels": {},
            "listener": [
              {
                "external_address_spec": [],
                "internal_address_spec": [
                  {
                    "address": "10.200.110.4",
                    "ip_version": "ipv4",
                    "subnet_id": "e9brcn5l2u9g2bviukqh"
                  }
                ],
                "name": "lb-listener",
                "port": 80,
                "protocol": "tcp",
                "target_port": 80
              }
            ],
            "name": "lb-prod",
            "region_id": "ru-central1",
            "timeouts": null,
            "type": "internal"
          },
          "sensitive_attributes": [],
          "private": "eyJlMmJmYjczMC1lY2FhLTExZTYtOGY4OC0zNDM2M2JjN2M0YzAiOnsiY3JlYXRlIjozMDAwMDAwMDAwMDAsImRlbGV0ZSI6MzAwMDAwMDAwMDAwLCJ1cGRhdGUiOjMwMDAwMDAwMDAwMH19",
          "dependencies": [
            "yandex_lb_target_group.ptg",
            "yandex_vpc_network.project",
            "yandex_vpc_subnet.prod"
          ]
        }
      ]
    },
    {
      "mode": "managed",
      "type": "yandex_lb_network_load_balancer",
      "name": "stage-lb",
      "provider": "provider[\"registry.terraform.io/yandex-cloud/yandex\"]",
      "instances": [
        {
          "schema_version": 0,
          "attributes": {
            "attached_target_group": [
              {
                "healthcheck": [
                  {
                    "healthy_threshold": 2,
                    "http_options": [
                      {
                        "path": "/",
                        "port": 80
                      }
                    ],
                    "interval": 2,
                    "name": "http",
                    "tcp_options": [],
                    "timeout": 1,
                    "unhealthy_threshold": 2
                  }
                ],
                "target_group_id": "enpeitj0rpdt3l1a1a7k"
              }
            ],
            "created_at": "2023-03-27T12:07:30Z",
            "deletion_protection": false,
            "description": "",
            "folder_id": "b1gpur6h6nm983ia1ljb",
            "id": "enpodr2qccjpmk5dlst5",
            "labels": {},
            "listener": [
              {
                "external_address_spec": [],
                "internal_address_spec": [
                  {
                    "address": "10.200.100.6",
                    "ip_version": "ipv4",
                    "subnet_id": "e9belhp5o7s9vrqbhvf3"
                  }
                ],
                "name": "lb-listener",
                "port": 80,
                "protocol": "tcp",
                "target_port": 80
              }
            ],
            "name": "lb-stage",
            "region_id": "ru-central1",
            "timeouts": null,
            "type": "internal"
          },
          "sensitive_attributes": [],
          "private": "eyJlMmJmYjczMC1lY2FhLTExZTYtOGY4OC0zNDM2M2JjN2M0YzAiOnsiY3JlYXRlIjozMDAwMDAwMDAwMDAsImRlbGV0ZSI6MzAwMDAwMDAwMDAwLCJ1cGRhdGUiOjMwMDAwMDAwMDAwMH19",
          "dependencies": [
            "yandex_lb_target_group.stg",
            "yandex_vpc_network.project",
            "yandex_vpc_subnet.stage"
          ]
        }
      ]
    },
    {
      "mode": "managed",
      "type": "yandex_lb_target_group",
      "name": "ptg",
      "provider": "provider[\"registry.terraform.io/yandex-cloud/yandex\"]",
      "instances": [
        {
          "schema_version": 0,
          "attributes": {
            "created_at": "2023-03-27T12:07:59Z",
            "description": "",
            "folder_id": "b1gpur6h6nm983ia1ljb",
            "id": "enpp7linr8o5p9ua2l64",
            "labels": {},
            "name": "prod-target-group",
            "region_id": "ru-central1",
            "target": [
              {
                "address": "10.200.110.11",
                "subnet_id": "e9brcn5l2u9g2bviukqh"
              },
              {
                "address": "10.200.110.12",
                "subnet_id": "e9brcn5l2u9g2bviukqh"
              },
              {
                "address": "10.200.110.13",
                "subnet_id": "e9brcn5l2u9g2bviukqh"
              }
            ],
            "timeouts": null
          },
          "sensitive_attributes": [],
          "private": "eyJlMmJmYjczMC1lY2FhLTExZTYtOGY4OC0zNDM2M2JjN2M0YzAiOnsiY3JlYXRlIjozMDAwMDAwMDAwMDAsImRlbGV0ZSI6MzAwMDAwMDAwMDAwLCJ1cGRhdGUiOjMwMDAwMDAwMDAwMH19",
          "dependencies": [
            "yandex_vpc_network.project",
            "yandex_vpc_subnet.prod"
          ]
        }
      ]
    },
    {
      "mode": "managed",
      "type": "yandex_lb_target_group",
      "name": "stg",
      "provider": "provider[\"registry.terraform.io/yandex-cloud/yandex\"]",
      "instances": [
        {
          "schema_version": 0,
          "attributes": {
            "created_at": "2023-03-27T12:07:28Z",
            "description": "",
            "folder_id": "b1gpur6h6nm983ia1ljb",
            "id": "enpeitj0rpdt3l1a1a7k",
            "labels": {},
            "name": "stage-target-group",
            "region_id": "ru-central1",
            "target": [
              {
                "address": "10.200.100.11",
                "subnet_id": "e9belhp5o7s9vrqbhvf3"
              },
              {
                "address": "10.200.100.12",
                "subnet_id": "e9belhp5o7s9vrqbhvf3"
              },
              {
                "address": "10.200.100.13",
                "subnet_id": "e9belhp5o7s9vrqbhvf3"
              }
            ],
            "timeouts": null
          },
          "sensitive_attributes": [],
          "private": "eyJlMmJmYjczMC1lY2FhLTExZTYtOGY4OC0zNDM2M2JjN2M0YzAiOnsiY3JlYXRlIjozMDAwMDAwMDAwMDAsImRlbGV0ZSI6MzAwMDAwMDAwMDAwLCJ1cGRhdGUiOjMwMDAwMDAwMDAwMH19",
          "dependencies": [
            "yandex_vpc_network.project",
            "yandex_vpc_subnet.stage"
          ]
        }
      ]
    },
    {
      "mode": "managed",
      "type": "yandex_storage_bucket",
      "name": "project-bucket",
      "provider": "provider[\"registry.terraform.io/yandex-cloud/yandex\"]",
      "instances": [
        {
          "schema_version": 0,
          "attributes": {
            "access_key": "YCAJEV0pXD1GTTswTaaLjwkYZ",
            "acl": "public-read",
            "anonymous_access_flags": [
              {
                "config_read": true,
                "list": true,
                "read": true
              }
            ],
            "bucket": "karagodin-project-bucket",
            "bucket_domain_name": "karagodin-project-bucket.storage.yandexcloud.net",
            "bucket_prefix": null,
            "cors_rule": [],
            "default_storage_class": "STANDARD",
            "folder_id": "b1gpur6h6nm983ia1ljb",
            "force_destroy": false,
            "grant": [
              {
                "id": "",
                "permissions": [
                  "READ"
                ],
                "type": "Group",
                "uri": "http://acs.amazonaws.com/groups/global/AllUsers"
              }
            ],
            "https": [],
            "id": "karagodin-project-bucket",
            "lifecycle_rule": [],
            "logging": [],
            "max_size": 0,
            "object_lock_configuration": [],
            "policy": "",
            "secret_key": "YCOt1bkLrU3FHuqcxwrRCqsPvNE9vxTHPQtdKgaD",
            "server_side_encryption_configuration": [],
            "versioning": [
              {
                "enabled": false
              }
            ],
            "website": [],
            "website_domain": null,
            "website_endpoint": null
          },
          "sensitive_attributes": [
            [
              {
                "type": "get_attr",
                "value": "secret_key"
              }
            ]
          ],
          "private": "bnVsbA==",
          "dependencies": [
            "yandex_iam_service_account_static_access_key.sa-static-key"
          ]
        }
      ]
    },
    {
      "mode": "managed",
      "type": "yandex_storage_object",
      "name": "object-1",
      "provider": "provider[\"registry.terraform.io/yandex-cloud/yandex\"]",
      "instances": [
        {
          "schema_version": 0,
          "attributes": {
            "access_key": "YCAJEV0pXD1GTTswTaaLjwkYZ",
            "acl": "public-read",
            "bucket": "karagodin-project-bucket",
            "content": null,
            "content_base64": null,
            "content_type": "application/octet-stream",
            "id": "logo1.jpg",
            "key": "logo1.jpg",
            "object_lock_legal_hold_status": "OFF",
            "object_lock_mode": null,
            "object_lock_retain_until_date": null,
            "secret_key": "YCOt1bkLrU3FHuqcxwrRCqsPvNE9vxTHPQtdKgaD",
            "source": "data/logo1.jpg"
          },
          "sensitive_attributes": [
            [
              {
                "type": "get_attr",
                "value": "secret_key"
              }
            ]
          ],
          "private": "bnVsbA==",
          "dependencies": [
            "yandex_iam_service_account_static_access_key.sa-static-key",
            "yandex_storage_bucket.project-bucket"
          ]
        }
      ]
    },
    {
      "mode": "managed",
      "type": "yandex_storage_object",
      "name": "object-2",
      "provider": "provider[\"registry.terraform.io/yandex-cloud/yandex\"]",
      "instances": [
        {
          "schema_version": 0,
          "attributes": {
            "access_key": "YCAJEV0pXD1GTTswTaaLjwkYZ",
            "acl": "public-read",
            "bucket": "karagodin-project-bucket",
            "content": null,
            "content_base64": null,
            "content_type": "application/octet-stream",
            "id": "logo2.jpg",
            "key": "logo2.jpg",
            "object_lock_legal_hold_status": "OFF",
            "object_lock_mode": null,
            "object_lock_retain_until_date": null,
            "secret_key": "YCOt1bkLrU3FHuqcxwrRCqsPvNE9vxTHPQtdKgaD",
            "source": "data/logo2.jpg"
          },
          "sensitive_attributes": [
            [
              {
                "type": "get_attr",
                "value": "secret_key"
              }
            ]
          ],
          "private": "bnVsbA==",
          "dependencies": [
            "yandex_iam_service_account_static_access_key.sa-static-key",
            "yandex_storage_bucket.project-bucket"
          ]
        }
      ]
    },
    {
      "mode": "managed",
      "type": "yandex_vpc_network",
      "name": "project",
      "provider": "provider[\"registry.terraform.io/yandex-cloud/yandex\"]",
      "instances": [
        {
          "schema_version": 0,
          "attributes": {
            "created_at": "2023-03-27T12:07:27Z",
            "default_security_group_id": "",
            "description": "",
            "folder_id": "b1gpur6h6nm983ia1ljb",
            "id": "enplmoicmedlqha677ol",
            "labels": {},
            "name": "net",
            "subnet_ids": [
              "e9b2ratrcdpg9nvh5c03",
              "e9belhp5o7s9vrqbhvf3",
              "e9brcn5l2u9g2bviukqh"
            ],
            "timeouts": null
          },
          "sensitive_attributes": [],
          "private": "eyJlMmJmYjczMC1lY2FhLTExZTYtOGY4OC0zNDM2M2JjN2M0YzAiOnsiY3JlYXRlIjo2MDAwMDAwMDAwMCwiZGVsZXRlIjo2MDAwMDAwMDAwMCwidXBkYXRlIjo2MDAwMDAwMDAwMH19"
        }
      ]
    },
    {
      "mode": "managed",
      "type": "yandex_vpc_subnet",
      "name": "group-1",
      "provider": "provider[\"registry.terraform.io/yandex-cloud/yandex\"]",
      "instances": [
        {
          "schema_version": 0,
          "attributes": {
            "created_at": "2023-03-27T12:07:28Z",
            "description": "",
            "dhcp_options": [],
            "folder_id": "b1gpur6h6nm983ia1ljb",
            "id": "e9b2ratrcdpg9nvh5c03",
            "labels": {},
            "name": "group-1",
            "network_id": "enplmoicmedlqha677ol",
            "route_table_id": "",
            "timeouts": null,
            "v4_cidr_blocks": [
              "10.200.80.0/28"
            ],
            "v6_cidr_blocks": [],
            "zone": "ru-central1-a"
          },
          "sensitive_attributes": [],
          "private": "eyJlMmJmYjczMC1lY2FhLTExZTYtOGY4OC0zNDM2M2JjN2M0YzAiOnsiY3JlYXRlIjoxODAwMDAwMDAwMDAsImRlbGV0ZSI6MTgwMDAwMDAwMDAwLCJ1cGRhdGUiOjE4MDAwMDAwMDAwMH19",
          "dependencies": [
            "yandex_vpc_network.project"
          ]
        }
      ]
    },
    {
      "mode": "managed",
      "type": "yandex_vpc_subnet",
      "name": "prod",
      "provider": "provider[\"registry.terraform.io/yandex-cloud/yandex\"]",
      "instances": [
        {
          "schema_version": 0,
          "attributes": {
            "created_at": "2023-03-27T12:07:30Z",
            "description": "",
            "dhcp_options": [],
            "folder_id": "b1gpur6h6nm983ia1ljb",
            "id": "e9brcn5l2u9g2bviukqh",
            "labels": {},
            "name": "prod",
            "network_id": "enplmoicmedlqha677ol",
            "route_table_id": "",
            "timeouts": null,
            "v4_cidr_blocks": [
              "10.200.110.0/27"
            ],
            "v6_cidr_blocks": [],
            "zone": "ru-central1-a"
          },
          "sensitive_attributes": [],
          "private": "eyJlMmJmYjczMC1lY2FhLTExZTYtOGY4OC0zNDM2M2JjN2M0YzAiOnsiY3JlYXRlIjoxODAwMDAwMDAwMDAsImRlbGV0ZSI6MTgwMDAwMDAwMDAwLCJ1cGRhdGUiOjE4MDAwMDAwMDAwMH19",
          "dependencies": [
            "yandex_vpc_network.project"
          ]
        }
      ]
    },
    {
      "mode": "managed",
      "type": "yandex_vpc_subnet",
      "name": "stage",
      "provider": "provider[\"registry.terraform.io/yandex-cloud/yandex\"]",
      "instances": [
        {
          "schema_version": 0,
          "attributes": {
            "created_at": "2023-03-27T12:07:28Z",
            "description": "",
            "dhcp_options": [],
            "folder_id": "b1gpur6h6nm983ia1ljb",
            "id": "e9belhp5o7s9vrqbhvf3",
            "labels": {},
            "name": "stage",
            "network_id": "enplmoicmedlqha677ol",
            "route_table_id": "",
            "timeouts": null,
            "v4_cidr_blocks": [
              "10.200.100.0/27"
            ],
            "v6_cidr_blocks": [],
            "zone": "ru-central1-a"
          },
          "sensitive_attributes": [],
          "private": "eyJlMmJmYjczMC1lY2FhLTExZTYtOGY4OC0zNDM2M2JjN2M0YzAiOnsiY3JlYXRlIjoxODAwMDAwMDAwMDAsImRlbGV0ZSI6MTgwMDAwMDAwMDAwLCJ1cGRhdGUiOjE4MDAwMDAwMDAwMH19",
          "dependencies": [
            "yandex_vpc_network.project"
          ]
        }
      ]
    }
  ],
  "check_results": []
}
